
Microsoft Visual Studio Solution File, Format Version 12.00
# Visual Studio Version 17
VisualStudioVersion = 17.14.36518.9 d17.14
MinimumVisualStudioVersion = 10.0.40219.1
Project("{FAE04EC0-301F-11D3-BF4B-00C04F79EFBC}") = "HTTP server", "HTTP server\HTTP server.csproj", "{2AF88D93-60E9-4232-814F-CF8DD7688880}"
EndProject
Global
	GlobalSection(SolutionConfigurationPlatforms) = preSolution
		Debug|Any CPU = Debug|Any CPU
		Release|Any CPU = Release|Any CPU
	EndGlobalSection
	GlobalSection(ProjectConfigurationPlatforms) = postSolution
		{2AF88D93-60E9-4232-814F-CF8DD7688880}.Debug|Any CPU.ActiveCfg = Debug|Any CPU
		{2AF88D93-60E9-4232-814F-CF8DD7688880}.Debug|Any CPU.Build.0 = Debug|Any CPU
		{2AF88D93-60E9-4232-814F-CF8DD7688880}.Release|Any CPU.ActiveCfg = Release|Any CPU
		{2AF88D93-60E9-4232-814F-CF8DD7688880}.Release|Any CPU.Build.0 = Release|Any CPU
	EndGlobalSection
	GlobalSection(SolutionProperties) = preSolution
		HideSolutionNode = FALSE
	EndGlobalSection
	GlobalSection(ExtensibilityGlobals) = postSolution
		SolutionGuid = {CFF26906-94B2-4FA2-8367-A081BB9EDBC2}
	EndGlobalSection
EndGlobal
